// !$*UTF8*$!
{
	archiveVersion = 1;
	classes = {
	};
	objectVersion = 50;
	objects = {

/* Begin PBXBuildFile section */
		4E55E6BB2327B54B0030A50D /* AppDelegate.swift in Sources */ = {isa = PBXBuildFile; fileRef = 4E55E6BA2327B54B0030A50D /* AppDelegate.swift */; };
		4E55E6BD2327B54B0030A50D /* ViewController.swift in Sources */ = {isa = PBXBuildFile; fileRef = 4E55E6BC2327B54B0030A50D /* ViewController.swift */; };
		4E55E6C02327B54B0030A50D /* Main.storyboard in Resources */ = {isa = PBXBuildFile; fileRef = 4E55E6BE2327B54B0030A50D /* Main.storyboard */; };
		4E55E6C22327B54D0030A50D /* Assets.xcassets in Resources */ = {isa = PBXBuildFile; fileRef = 4E55E6C12327B54D0030A50D /* Assets.xcassets */; };
		4E55E6C52327B54D0030A50D /* LaunchScreen.storyboard in Resources */ = {isa = PBXBuildFile; fileRef = 4E55E6C32327B54D0030A50D /* LaunchScreen.storyboard */; };
		4E55E6CD2327B5660030A50D /* PieChartView.swift in Sources */ = {isa = PBXBuildFile; fileRef = 4E55E6CC2327B5660030A50D /* PieChartView.swift */; };
		4E55E6D12327B58E0030A50D /* PieLayer.swift in Sources */ = {isa = PBXBuildFile; fileRef = 4E55E6D02327B58E0030A50D /* PieLayer.swift */; };
		4E55E6D32327BBFB0030A50D /* PieItem.swift in Sources */ = {isa = PBXBuildFile; fileRef = 4E55E6D22327BBFB0030A50D /* PieItem.swift */; };
/* End PBXBuildFile section */

/* Begin PBXFileReference section */
		4E55E6B72327B54B0030A50D /* PieChartView.app */ = {isa = PBXFileReference; explicitFileType = wrapper.application; includeInIndex = 0; path = PieChartView.app; sourceTree = BUILT_PRODUCTS_DIR; };
		4E55E6BA2327B54B0030A50D /* AppDelegate.swift */ = {isa = PBXFileReference; lastKnownFileType = sourcecode.swift; path = AppDelegate.swift; sourceTree = "<group>"; };
		4E55E6BC2327B54B0030A50D /* ViewController.swift */ = {isa = PBXFileReference; lastKnownFileType = sourcecode.swift; path = ViewController.swift; sourceTree = "<group>"; };
		4E55E6BF2327B54B0030A50D /* Base */ = {isa = PBXFileReference; lastKnownFileType = file.storyboard; name = Base; path = Base.lproj/Main.storyboard; sourceTree = "<group>"; };
		4E55E6C12327B54D0030A50D /* Assets.xcassets */ = {isa = PBXFileReference; lastKnownFileType = folder.assetcatalog; path = Assets.xcassets; sourceTree = "<group>"; };
		4E55E6C42327B54D0030A50D /* Base */ = {isa = PBXFileReference; lastKnownFileType = file.storyboard; name = Base; path = Base.lproj/LaunchScreen.storyboard; sourceTree = "<group>"; };
		4E55E6C62327B54D0030A50D /* Info.plist */ = {isa = PBXFileReference; lastKnownFileType = text.plist.xml; path = Info.plist; sourceTree = "<group>"; };
		4E55E6CC2327B5660030A50D /* PieChartView.swift */ = {isa = PBXFileReference; lastKnownFileType = sourcecode.swift; path = PieChartView.swift; sourceTree = "<group>"; };
		4E55E6D02327B58E0030A50D /* PieLayer.swift */ = {isa = PBXFileReference; lastKnownFileType = sourcecode.swift; path = PieLayer.swift; sourceTree = "<group>"; };
		4E55E6D22327BBFB0030A50D /* PieItem.swift */ = {isa = PBXFileReference; lastKnownFileType = sourcecode.swift; path = PieItem.swift; sourceTree = "<group>"; };
/* End PBXFileReference section */

/* Begin PBXFrameworksBuildPhase section */
		4E55E6B42327B54B0030A50D /* Frameworks */ = {
			isa = PBXFrameworksBuildPhase;
			buildActionMask = 2147483647;
			files = (
			);
			runOnlyForDeploymentPostprocessing = 0;
		};
/* End PBXFrameworksBuildPhase section */

/* Begin PBXGroup section */
		4E55E6AE2327B54B0030A50D = {
			isa = PBXGroup;
			children = (
				4E55E6B92327B54B0030A50D /* PieChartView */,
				4E55E6B82327B54B0030A50D /* Products */,
			);
			sourceTree = "<group>";
		};
		4E55E6B82327B54B0030A50D /* Products */ = {
			isa = PBXGroup;
			children = (
				4E55E6B72327B54B0030A50D /* PieChartView.app */,
			);
			name = Products;
			sourceTree = "<group>";
		};
		4E55E6B92327B54B0030A50D /* PieChartView */ = {
			isa = PBXGroup;
			children = (
				4E55E6BA2327B54B0030A50D /* AppDelegate.swift */,
				4E55E6BC2327B54B0030A50D /* ViewController.swift */,
				4E55E6CC2327B5660030A50D /* PieChartView.swift */,
				4E55E6D02327B58E0030A50D /* PieLayer.swift */,
				4E55E6D22327BBFB0030A50D /* PieItem.swift */,
				4E55E6BE2327B54B0030A50D /* Main.storyboard */,
				4E55E6C12327B54D0030A50D /* Assets.xcassets */,
				4E55E6C32327B54D0030A50D /* LaunchScreen.storyboard */,
				4E55E6C62327B54D0030A50D /* Info.plist */,
			);
			path = PieChartView;
			sourceTree = "<group>";
		};
/* End PBXGroup section */

/* Begin PBXNativeTarget section */
		4E55E6B62327B54B0030A50D /* PieChartView */ = {
			isa = PBXNativeTarget;
			buildConfigurationList = 4E55E6C92327B54D0030A50D /* Build configuration list for PBXNativeTarget "PieChartView" */;
			buildPhases = (
				4E55E6B32327B54B0030A50D /* Sources */,
				4E55E6B42327B54B0030A50D /* Frameworks */,
				4E55E6B52327B54B0030A50D /* Resources */,
			);
			buildRules = (
			);
			dependencies = (
			);
			name = PieChartView;
			productName = PieChartView;
			productReference = 4E55E6B72327B54B0030A50D /* PieChartView.app */;
			productType = "com.apple.product-type.application";
		};
/* End PBXNativeTarget section */

/* Begin PBXProject section */
		4E55E6AF2327B54B0030A50D /* Project object */ = {
			isa = PBXProject;
			attributes = {
				LastSwiftUpdateCheck = 1030;
				LastUpgradeCheck = 1030;
				ORGANIZATIONNAME = DC;
				TargetAttributes = {
					4E55E6B62327B54B0030A50D = {
						CreatedOnToolsVersion = 10.3;
					};
				};
			};
			buildConfigurationList = 4E55E6B22327B54B0030A50D /* Build configuration list for PBXProject "PieChartView" */;
			compatibilityVersion = "Xcode 9.3";
			developmentRegion = en;
			hasScannedForEncodings = 0;
			knownRegions = (
				en,
				Base,
			);
			mainGroup = 4E55E6AE2327B54B0030A50D;
			productRefGroup = 4E55E6B82327B54B0030A50D /* Products */;
			projectDirPath = "";
			projectRoot = "";
			targets = (
				4E55E6B62327B54B0030A50D /* PieChartView */,
			);
		};
/* End PBXProject section */

/* Begin PBXResourcesBuildPhase section */
		4E55E6B52327B54B0030A50D /* Resources */ = {
			isa = PBXResourcesBuildPhase;
			buildActionMask = 2147483647;
			files = (
				4E55E6C52327B54D0030A50D /* LaunchScreen.storyboard in Resources */,
				4E55E6C22327B54D0030A50D /* Assets.xcassets in Resources */,
				4E55E6C02327B54B0030A50D /* Main.storyboard in Resources */,
			);
			runOnlyForDeploymentPostprocessing = 0;
		};
/* End PBXResourcesBuildPhase section */

/* Begin PBXSourcesBuildPhase section */
		4E55E6B32327B54B0030A50D /* Sources */ = {
			isa = PBXSourcesBuildPhase;
			buildActionMask = 2147483647;
			files = (
				4E55E6CD2327B5660030A50D /* PieChartView.swift in Sources */,
				4E55E6BD2327B54B0030A50D /* ViewController.swift in Sources */,
				4E55E6D32327BBFB0030A50D /* PieItem.swift in Sources */,
				4E55E6D12327B58E0030A50D /* PieLayer.swift in Sources */,
				4E55E6BB2327B54B0030A50D /* AppDelegate.swift in Sources */,
			);
			runOnlyForDeploymentPostprocessing = 0;
		};
/* End PBXSourcesBuildPhase section */

/* Begin PBXVariantGroup section */
		4E55E6BE2327B54B0030A50D /* Main.storyboard */ = {
			isa = PBXVariantGroup;
			children = (
				4E55E6BF2327B54B0030A50D /* Base */,
			);
			name = Main.storyboard;
			sourceTree = "<group>";
		};
		4E55E6C32327B54D0030A50D /* LaunchScreen.storyboard */ = {
			isa = PBXVariantGroup;
			children = (
				4E55E6C42327B54D0030A50D /* Base */,
			);
			name = LaunchScreen.storyboard;
			sourceTree = "<group>";
		};
/* End PBXVariantGroup section */

/* Begin XCBuildConfiguration section */
		4E55E6C72327B54D0030A50D /* Debug */ = {
			isa = XCBuildConfiguration;
			buildSettings = {
				ALWAYS_SEARCH_USER_PATHS = NO;
				CLANG_ANALYZER_NONNULL = YES;
				CLANG_ANALYZER_NUMBER_OBJECT_CONVERSION = YES_AGGRESSIVE;
				CLANG_CXX_LANGUAGE_STANDARD = "gnu++14";
				CLANG_CXX_LIBRARY = "libc++";
				CLANG_ENABLE_MODULES = YES;
				CLANG_ENABLE_OBJC_ARC = YES;
				CLANG_ENABLE_OBJC_WEAK = YES;
				CLANG_WARN_BLOCK_CAPTURE_AUTORELEASING = YES;
				CLANG_WARN_BOOL_CONVERSION = YES;
				CLANG_WARN_COMMA = YES;
				CLANG_WARN_CONSTANT_CONVERSION = YES;
				CLANG_WARN_DEPRECATED_OBJC_IMPLEMENTATIONS = YES;
				CLANG_WARN_DIRECT_OBJC_ISA_USAGE = YES_ERROR;
				CLANG_WARN_DOCUMENTATION_COMMENTS = YES;
				CLANG_WARN_EMPTY_BODY = YES;
				CLANG_WARN_ENUM_CONVERSION = YES;
				CLANG_WARN_INFINITE_RECURSION = YES;
				CLANG_WARN_INT_CONVERSION = YES;
				CLANG_WARN_NON_LITERAL_NULL_CONVERSION = YES;
				CLANG_WARN_OBJC_IMPLICIT_RETAIN_SELF = YES;
				CLANG_WARN_OBJC_LITERAL_CONVERSION = YES;
				CLANG_WARN_OBJC_ROOT_CLASS = YES_ERROR;
				CLANG_WARN_RANGE_LOOP_ANALYSIS = YES;
				CLANG_WARN_STRICT_PROTOTYPES = YES;
				CLANG_WARN_SUSPICIOUS_MOVE = YES;
				CLANG_WARN_UNGUARDED_AVAILABILITY = YES_AGGRESSIVE;
				CLANG_WARN_UNREACHABLE_CODE = YES;
				CLANG_WARN__DUPLICATE_METHOD_MATCH = YES;
				CODE_SIGN_IDENTITY = "iPhone Developer";
				COPY_PHASE_STRIP = NO;
				DEBUG_INFORMATION_FORMAT = dwarf;
				ENABLE_STRICT_OBJC_MSGSEND = YES;
				ENABLE_TESTABILITY = YES;
				GCC_C_LANGUAGE_STANDARD = gnu11;
				GCC_DYNAMIC_NO_PIC = NO;
				GCC_NO_COMMON_BLOCKS = YES;
				GCC_OPTIMIZATION_LEVEL = 0;
				GCC_PREPROCESSOR_DEFINITIONS = (
					"DEBUG=1",
					"$(inherited)",
				);
				GCC_WARN_64_TO_32_BIT_CONVERSION = YES;
				GCC_WARN_ABOUT_RETURN_TYPE = YES_ERROR;
				GCC_WARN_UNDECLARED_SELECTOR = YES;
				GCC_WARN_UNINITIALIZED_AUTOS = YES_AGGRESSIVE;
				GCC_WARN_UNUSED_FUNCTION = YES;
				GCC_WARN_UNUSED_VARIABLE = YES;
				IPHONEOS_DEPLOYMENT_TARGET = 12.4;
				MTL_ENABLE_DEBUG_INFO = INCLUDE_SOURCE;
				MTL_FAST_MATH = YES;
				ONLY_ACTIVE_ARCH = YES;
				SDKROOT = iphoneos;
				SWIFT_ACTIVE_COMPILATION_CONDITIONS = DEBUG;
				SWIFT_OPTIMIZATION_LEVEL = "-Onone";
			};
			name = Debug;
		};
		4E55E6C82327B54D0030A50D /* Release */ = {
			isa = XCBuildConfiguration;
			buildSettings = {
				ALWAYS_SEARCH_USER_PATHS = NO;
				CLANG_ANALYZER_NONNULL = YES;
				CLANG_ANALYZER_NUMBER_OBJECT_CONVERSION = YES_AGGRESSIVE;
				CLANG_CXX_LANGUAGE_STANDARD = "gnu++14";
				CLANG_CXX_LIBRARY = "libc++";
				CLANG_ENABLE_MODULES = YES;
				CLANG_ENABLE_OBJC_ARC = YES;
				CLANG_ENABLE_OBJC_WEAK = YES;
				CLANG_WARN_BLOCK_CAPTURE_AUTORELEASING = YES;
				CLANG_WARN_BOOL_CONVERSION = YES;
				CLANG_WARN_COMMA = YES;
				CLANG_WARN_CONSTANT_CONVERSION = YES;
				CLANG_WARN_DEPRECATED_OBJC_IMPLEMENTATIONS = YES;
				CLANG_WARN_DIRECT_OBJC_ISA_USAGE = YES_ERROR;
				CLANG_WARN_DOCUMENTATION_COMMENTS = YES;
				CLANG_WARN_EMPTY_BODY = YES;
				CLANG_WARN_ENUM_CONVERSION = YES;
				CLANG_WARN_INFINITE_RECURSION = YES;
				CLANG_WARN_INT_CONVERSION = YES;
				CLANG_WARN_NON_LITERAL_NULL_CONVERSION = YES;
				CLANG_WARN_OBJC_IMPLICIT_RETAIN_SELF = YES;
				CLANG_WARN_OBJC_LITERAL_CONVERSION = YES;
				CLANG_WARN_OBJC_ROOT_CLASS = YES_ERROR;
				CLANG_WARN_RANGE_LOOP_ANALYSIS = YES;
				CLANG_WARN_STRICT_PROTOTYPES = YES;
				CLANG_WARN_SUSPICIOUS_MOVE = YES;
				CLANG_WARN_UNGUARDED_AVAILABILITY = YES_AGGRESSIVE;
				CLANG_WARN_UNREACHABLE_CODE = YES;
				CLANG_WARN__DUPLICATE_METHOD_MATCH = YES;
				CODE_SIGN_IDENTITY = "iPhone Developer";
				COPY_PHASE_STRIP = NO;
				DEBUG_INFORMATION_FORMAT = "dwarf-with-dsym";
				ENABLE_NS_ASSERTIONS = NO;
				ENABLE_STRICT_OBJC_MSGSEND = YES;
				GCC_C_LANGUAGE_STANDARD = gnu11;
				GCC_NO_COMMON_BLOCKS = YES;
				GCC_WARN_64_TO_32_BIT_CONVERSION = YES;
				GCC_WARN_ABOUT_RETURN_TYPE = YES_ERROR;
				GCC_WARN_UNDECLARED_SELECTOR = YES;
				GCC_WARN_UNINITIALIZED_AUTOS = YES_AGGRESSIVE;
				GCC_WARN_UNUSED_FUNCTION = YES;
				GCC_WARN_UNUSED_VARIABLE = YES;
				IPHONEOS_DEPLOYMENT_TARGET = 12.4;
				MTL_ENABLE_DEBUG_INFO = NO;
				MTL_FAST_MATH = YES;
				SDKROOT = iphoneos;
				SWIFT_COMPILATION_MODE = wholemodule;
				SWIFT_OPTIMIZATION_LEVEL = "-O";
				VALIDATE_PRODUCT = YES;
			};
			name = Release;
		};
		4E55E6CA2327B54D0030A50D /* Debug */ = {
			isa = XCBuildConfiguration;
			buildSettings = {
				ASSETCATALOG_COMPILER_APPICON_NAME = AppIcon;
				CODE_SIGN_STYLE = Automatic;
				DEVELOPMENT_TEAM = TC63A5A779;
				INFOPLIST_FILE = PieChartView/Info.plist;
				LD_RUNPATH_SEARCH_PATHS = (
					"$(inherited)",
					"@executable_path/Frameworks",
				);
				PRODUCT_BUNDLE_IDENTIFIER = com.damonthecricket.PieChartView;
				PRODUCT_NAME = "$(TARGET_NAME)";
				SWIFT_VERSION = 5.0;
				TARGETED_DEVICE_FAMILY = "1,2";
			};
			name = Debug;
		};
		4E55E6CB2327B54D0030A50D /* Release */ = {
			isa = XCBuildConfiguration;
			buildSettings = {
				ASSETCATALOG_COMPILER_APPICON_NAME = AppIcon;
				CODE_SIGN_STYLE = Automatic;
				DEVELOPMENT_TEAM = TC63A5A779;
				INFOPLIST_FILE = PieChartView/Info.plist;
				LD_RUNPATH_SEARCH_PATHS = (
					"$(inherited)",
					"@executable_path/Frameworks",
				);
				PRODUCT_BUNDLE_IDENTIFIER = com.damonthecricket.PieChartView;
				PRODUCT_NAME = "$(TARGET_NAME)";
				SWIFT_VERSION = 5.0;
				TARGETED_DEVICE_FAMILY = "1,2";
			};
			name = Release;
		};
/* End XCBuildConfiguration section */

/* Begin XCConfigurationList section */
		4E55E6B22327B54B0030A50D /* Build configuration list for PBXProject "PieChartView" */ = {
			isa = XCConfigurationList;
			buildConfigurations = (
				4E55E6C72327B54D0030A50D /* Debug */,
				4E55E6C82327B54D0030A50D /* Release */,
			);
			defaultConfigurationIsVisible = 0;
			defaultConfigurationName = Release;
		};
		4E55E6C92327B54D0030A50D /* Build configuration list for PBXNativeTarget "PieChartView" */ = {
			isa = XCConfigurationList;
			buildConfigurations = (
				4E55E6CA2327B54D0030A50D /* Debug */,
				4E55E6CB2327B54D0030A50D /* Release */,
			);
			defaultConfigurationIsVisible = 0;
			defaultConfigurationName = Release;
		};
/* End XCConfigurationList section */
	};
	rootObject = 4E55E6AF2327B54B0030A50D /* Project object */;
}
